
Microsoft Visual Studio Solution File, Format Version 12.00
# Visual Studio 14
VisualStudioVersion = 14.0.23107.0
MinimumVisualStudioVersion = 10.0.40219.1
Project("{8BC9CEB8-8B4A-11D0-8D11-00A0C91BC942}") = "Core", "Projects\Core\Core.vcxproj", "{B6E7B08A-2C47-4E8D-BBED-04BA636AA6BC}"
EndProject
Project("{8BC9CEB8-8B4A-11D0-8D11-00A0C91BC942}") = "Network", "Projects\Network\Network.vcxproj", "{A0489EBF-E400-4BE7-8C66-0E5E6A936CF2}"
	ProjectSection(ProjectDependencies) = postProject
		{B6E7B08A-2C47-4E8D-BBED-04BA636AA6BC} = {B6E7B08A-2C47-4E8D-BBED-04BA636AA6BC}
	EndProjectSection
EndProject
Project("{8BC9CEB8-8B4A-11D0-8D11-00A0C91BC942}") = "TestConsole", "Projects\TestConsole\TestConsole.vcxproj", "{E7FE14D3-CB01-4DA5-B600-32B4A56636FF}"
	ProjectSection(ProjectDependencies) = postProject
		{B6E7B08A-2C47-4E8D-BBED-04BA636AA6BC} = {B6E7B08A-2C47-4E8D-BBED-04BA636AA6BC}
		{A0489EBF-E400-4BE7-8C66-0E5E6A936CF2} = {A0489EBF-E400-4BE7-8C66-0E5E6A936CF2}
	EndProjectSection
EndProject
Project("{8BC9CEB8-8B4A-11D0-8D11-00A0C91BC942}") = "GameCommon", "Projects\GameCommon\GameCommon.vcxproj", "{F300EAEE-63E2-4F93-A707-D39D17742328}"
	ProjectSection(ProjectDependencies) = postProject
		{B6E7B08A-2C47-4E8D-BBED-04BA636AA6BC} = {B6E7B08A-2C47-4E8D-BBED-04BA636AA6BC}
		{A0489EBF-E400-4BE7-8C66-0E5E6A936CF2} = {A0489EBF-E400-4BE7-8C66-0E5E6A936CF2}
	EndProjectSection
EndProject
Project("{2150E333-8FDC-42A3-9474-1A3956D46DE8}") = "CoreLib", "CoreLib", "{681F6F88-0D0E-4F87-8267-1842BA46A621}"
EndProject
Project("{2150E333-8FDC-42A3-9474-1A3956D46DE8}") = "Runner", "Runner", "{CA537621-AA83-4100-829B-A911833E4555}"
EndProject
Project("{8BC9CEB8-8B4A-11D0-8D11-00A0C91BC942}") = "GameServer", "Projects\GameServer\GameServer.vcxproj", "{5726858E-506A-467E-921B-2347BAA83850}"
	ProjectSection(ProjectDependencies) = postProject
		{B6E7B08A-2C47-4E8D-BBED-04BA636AA6BC} = {B6E7B08A-2C47-4E8D-BBED-04BA636AA6BC}
		{A0489EBF-E400-4BE7-8C66-0E5E6A936CF2} = {A0489EBF-E400-4BE7-8C66-0E5E6A936CF2}
		{F300EAEE-63E2-4F93-A707-D39D17742328} = {F300EAEE-63E2-4F93-A707-D39D17742328}
	EndProjectSection
EndProject
Project("{2150E333-8FDC-42A3-9474-1A3956D46DE8}") = "Game", "Game", "{CD02F4B4-F794-490B-8F32-53AA5324FD80}"
EndProject
Global
	GlobalSection(SolutionConfigurationPlatforms) = preSolution
		Debug|ARM = Debug|ARM
		Debug|Win32 = Debug|Win32
		Debug|x64 = Debug|x64
		Release|ARM = Release|ARM
		Release|Win32 = Release|Win32
		Release|x64 = Release|x64
	EndGlobalSection
	GlobalSection(ProjectConfigurationPlatforms) = postSolution
		{B6E7B08A-2C47-4E8D-BBED-04BA636AA6BC}.Debug|ARM.ActiveCfg = Debug|Win32
		{B6E7B08A-2C47-4E8D-BBED-04BA636AA6BC}.Debug|Win32.ActiveCfg = Debug|Win32
		{B6E7B08A-2C47-4E8D-BBED-04BA636AA6BC}.Debug|Win32.Build.0 = Debug|Win32
		{B6E7B08A-2C47-4E8D-BBED-04BA636AA6BC}.Debug|Win32.Deploy.0 = Debug|Win32
		{B6E7B08A-2C47-4E8D-BBED-04BA636AA6BC}.Debug|x64.ActiveCfg = Debug|x64
		{B6E7B08A-2C47-4E8D-BBED-04BA636AA6BC}.Debug|x64.Build.0 = Debug|x64
		{B6E7B08A-2C47-4E8D-BBED-04BA636AA6BC}.Release|ARM.ActiveCfg = Release|Win32
		{B6E7B08A-2C47-4E8D-BBED-04BA636AA6BC}.Release|Win32.ActiveCfg = Release|Win32
		{B6E7B08A-2C47-4E8D-BBED-04BA636AA6BC}.Release|Win32.Build.0 = Release|Win32
		{B6E7B08A-2C47-4E8D-BBED-04BA636AA6BC}.Release|x64.ActiveCfg = Release|x64
		{B6E7B08A-2C47-4E8D-BBED-04BA636AA6BC}.Release|x64.Build.0 = Release|x64
		{A0489EBF-E400-4BE7-8C66-0E5E6A936CF2}.Debug|ARM.ActiveCfg = Debug|Win32
		{A0489EBF-E400-4BE7-8C66-0E5E6A936CF2}.Debug|Win32.ActiveCfg = Debug|Win32
		{A0489EBF-E400-4BE7-8C66-0E5E6A936CF2}.Debug|Win32.Build.0 = Debug|Win32
		{A0489EBF-E400-4BE7-8C66-0E5E6A936CF2}.Debug|x64.ActiveCfg = Debug|x64
		{A0489EBF-E400-4BE7-8C66-0E5E6A936CF2}.Debug|x64.Build.0 = Debug|x64
		{A0489EBF-E400-4BE7-8C66-0E5E6A936CF2}.Release|ARM.ActiveCfg = Release|Win32
		{A0489EBF-E400-4BE7-8C66-0E5E6A936CF2}.Release|Win32.ActiveCfg = Release|Win32
		{A0489EBF-E400-4BE7-8C66-0E5E6A936CF2}.Release|Win32.Build.0 = Release|Win32
		{A0489EBF-E400-4BE7-8C66-0E5E6A936CF2}.Release|x64.ActiveCfg = Release|x64
		{A0489EBF-E400-4BE7-8C66-0E5E6A936CF2}.Release|x64.Build.0 = Release|x64
		{E7FE14D3-CB01-4DA5-B600-32B4A56636FF}.Debug|ARM.ActiveCfg = Debug|Win32
		{E7FE14D3-CB01-4DA5-B600-32B4A56636FF}.Debug|Win32.ActiveCfg = Debug|Win32
		{E7FE14D3-CB01-4DA5-B600-32B4A56636FF}.Debug|Win32.Build.0 = Debug|Win32
		{E7FE14D3-CB01-4DA5-B600-32B4A56636FF}.Debug|Win32.Deploy.0 = Debug|Win32
		{E7FE14D3-CB01-4DA5-B600-32B4A56636FF}.Debug|x64.ActiveCfg = Debug|x64
		{E7FE14D3-CB01-4DA5-B600-32B4A56636FF}.Debug|x64.Build.0 = Debug|x64
		{E7FE14D3-CB01-4DA5-B600-32B4A56636FF}.Release|ARM.ActiveCfg = Release|Win32
		{E7FE14D3-CB01-4DA5-B600-32B4A56636FF}.Release|Win32.ActiveCfg = Release|Win32
		{E7FE14D3-CB01-4DA5-B600-32B4A56636FF}.Release|Win32.Build.0 = Release|Win32
		{E7FE14D3-CB01-4DA5-B600-32B4A56636FF}.Release|x64.ActiveCfg = Release|x64
		{E7FE14D3-CB01-4DA5-B600-32B4A56636FF}.Release|x64.Build.0 = Release|x64
		{F300EAEE-63E2-4F93-A707-D39D17742328}.Debug|ARM.ActiveCfg = Debug|Win32
		{F300EAEE-63E2-4F93-A707-D39D17742328}.Debug|Win32.ActiveCfg = Debug|Win32
		{F300EAEE-63E2-4F93-A707-D39D17742328}.Debug|Win32.Build.0 = Debug|Win32
		{F300EAEE-63E2-4F93-A707-D39D17742328}.Debug|x64.ActiveCfg = Debug|x64
		{F300EAEE-63E2-4F93-A707-D39D17742328}.Debug|x64.Build.0 = Debug|x64
		{F300EAEE-63E2-4F93-A707-D39D17742328}.Release|ARM.ActiveCfg = Release|Win32
		{F300EAEE-63E2-4F93-A707-D39D17742328}.Release|Win32.ActiveCfg = Release|Win32
		{F300EAEE-63E2-4F93-A707-D39D17742328}.Release|Win32.Build.0 = Release|Win32
		{F300EAEE-63E2-4F93-A707-D39D17742328}.Release|x64.ActiveCfg = Release|x64
		{F300EAEE-63E2-4F93-A707-D39D17742328}.Release|x64.Build.0 = Release|x64
		{5726858E-506A-467E-921B-2347BAA83850}.Debug|ARM.ActiveCfg = Debug|Win32
		{5726858E-506A-467E-921B-2347BAA83850}.Debug|Win32.ActiveCfg = Debug|Win32
		{5726858E-506A-467E-921B-2347BAA83850}.Debug|Win32.Build.0 = Debug|Win32
		{5726858E-506A-467E-921B-2347BAA83850}.Debug|x64.ActiveCfg = Debug|x64
		{5726858E-506A-467E-921B-2347BAA83850}.Debug|x64.Build.0 = Debug|x64
		{5726858E-506A-467E-921B-2347BAA83850}.Release|ARM.ActiveCfg = Release|Win32
		{5726858E-506A-467E-921B-2347BAA83850}.Release|Win32.ActiveCfg = Release|Win32
		{5726858E-506A-467E-921B-2347BAA83850}.Release|Win32.Build.0 = Release|Win32
		{5726858E-506A-467E-921B-2347BAA83850}.Release|x64.ActiveCfg = Release|x64
		{5726858E-506A-467E-921B-2347BAA83850}.Release|x64.Build.0 = Release|x64
	EndGlobalSection
	GlobalSection(SolutionProperties) = preSolution
		HideSolutionNode = FALSE
	EndGlobalSection
	GlobalSection(NestedProjects) = preSolution
		{B6E7B08A-2C47-4E8D-BBED-04BA636AA6BC} = {681F6F88-0D0E-4F87-8267-1842BA46A621}
		{A0489EBF-E400-4BE7-8C66-0E5E6A936CF2} = {681F6F88-0D0E-4F87-8267-1842BA46A621}
		{E7FE14D3-CB01-4DA5-B600-32B4A56636FF} = {CA537621-AA83-4100-829B-A911833E4555}
		{F300EAEE-63E2-4F93-A707-D39D17742328} = {CD02F4B4-F794-490B-8F32-53AA5324FD80}
		{5726858E-506A-467E-921B-2347BAA83850} = {CA537621-AA83-4100-829B-A911833E4555}
	EndGlobalSection
EndGlobal
