
Microsoft Visual Studio Solution File, Format Version 12.00
# Visual Studio 2012
Project("{8BC9CEB8-8B4A-11D0-8D11-00A0C91BC942}") = "Server", "Server\Server.vcxproj", "{AE3913B4-8D7B-4728-B16B-43705BC3882E}"
	ProjectSection(ProjectDependencies) = postProject
		{B6E7B08A-2C47-4E8D-BBED-04BA636AA6BC} = {B6E7B08A-2C47-4E8D-BBED-04BA636AA6BC}
		{A0489EBF-E400-4BE7-8C66-0E5E6A936CF2} = {A0489EBF-E400-4BE7-8C66-0E5E6A936CF2}
	EndProjectSection
EndProject
Project("{8BC9CEB8-8B4A-11D0-8D11-00A0C91BC942}") = "TestConsole", "TestConsole\TestConsole.vcxproj", "{E7FE14D3-CB01-4DA5-B600-32B4A56636FF}"
	ProjectSection(ProjectDependencies) = postProject
		{B6E7B08A-2C47-4E8D-BBED-04BA636AA6BC} = {B6E7B08A-2C47-4E8D-BBED-04BA636AA6BC}
		{A0489EBF-E400-4BE7-8C66-0E5E6A936CF2} = {A0489EBF-E400-4BE7-8C66-0E5E6A936CF2}
	EndProjectSection
EndProject
Project("{8BC9CEB8-8B4A-11D0-8D11-00A0C91BC942}") = "Core", "Core\Core.vcxproj", "{B6E7B08A-2C47-4E8D-BBED-04BA636AA6BC}"
EndProject
Project("{8BC9CEB8-8B4A-11D0-8D11-00A0C91BC942}") = "Network", "Network\Network.vcxproj", "{A0489EBF-E400-4BE7-8C66-0E5E6A936CF2}"
EndProject
Global
	GlobalSection(SolutionConfigurationPlatforms) = preSolution
		Debug|ARM = Debug|ARM
		Debug|Win32 = Debug|Win32
		Debug|x64 = Debug|x64
		Release|ARM = Release|ARM
		Release|Win32 = Release|Win32
		Release|x64 = Release|x64
	EndGlobalSection
	GlobalSection(ProjectConfigurationPlatforms) = postSolution
		{AE3913B4-8D7B-4728-B16B-43705BC3882E}.Debug|ARM.ActiveCfg = Debug|Win32
		{AE3913B4-8D7B-4728-B16B-43705BC3882E}.Debug|Win32.ActiveCfg = Debug|Win32
		{AE3913B4-8D7B-4728-B16B-43705BC3882E}.Debug|Win32.Build.0 = Debug|Win32
		{AE3913B4-8D7B-4728-B16B-43705BC3882E}.Debug|x64.ActiveCfg = Debug|x64
		{AE3913B4-8D7B-4728-B16B-43705BC3882E}.Debug|x64.Build.0 = Debug|x64
		{AE3913B4-8D7B-4728-B16B-43705BC3882E}.Release|ARM.ActiveCfg = Release|Win32
		{AE3913B4-8D7B-4728-B16B-43705BC3882E}.Release|Win32.ActiveCfg = Release|Win32
		{AE3913B4-8D7B-4728-B16B-43705BC3882E}.Release|Win32.Build.0 = Release|Win32
		{AE3913B4-8D7B-4728-B16B-43705BC3882E}.Release|x64.ActiveCfg = Release|x64
		{AE3913B4-8D7B-4728-B16B-43705BC3882E}.Release|x64.Build.0 = Release|x64
		{E7FE14D3-CB01-4DA5-B600-32B4A56636FF}.Debug|ARM.ActiveCfg = Debug|Win32
		{E7FE14D3-CB01-4DA5-B600-32B4A56636FF}.Debug|Win32.ActiveCfg = Debug|Win32
		{E7FE14D3-CB01-4DA5-B600-32B4A56636FF}.Debug|Win32.Build.0 = Debug|Win32
		{E7FE14D3-CB01-4DA5-B600-32B4A56636FF}.Debug|x64.ActiveCfg = Debug|x64
		{E7FE14D3-CB01-4DA5-B600-32B4A56636FF}.Debug|x64.Build.0 = Debug|x64
		{E7FE14D3-CB01-4DA5-B600-32B4A56636FF}.Release|ARM.ActiveCfg = Release|Win32
		{E7FE14D3-CB01-4DA5-B600-32B4A56636FF}.Release|Win32.ActiveCfg = Release|Win32
		{E7FE14D3-CB01-4DA5-B600-32B4A56636FF}.Release|Win32.Build.0 = Release|Win32
		{E7FE14D3-CB01-4DA5-B600-32B4A56636FF}.Release|x64.ActiveCfg = Release|x64
		{E7FE14D3-CB01-4DA5-B600-32B4A56636FF}.Release|x64.Build.0 = Release|x64
		{B6E7B08A-2C47-4E8D-BBED-04BA636AA6BC}.Debug|ARM.ActiveCfg = Debug|Win32
		{B6E7B08A-2C47-4E8D-BBED-04BA636AA6BC}.Debug|Win32.ActiveCfg = Debug|Win32
		{B6E7B08A-2C47-4E8D-BBED-04BA636AA6BC}.Debug|Win32.Build.0 = Debug|Win32
		{B6E7B08A-2C47-4E8D-BBED-04BA636AA6BC}.Debug|x64.ActiveCfg = Debug|x64
		{B6E7B08A-2C47-4E8D-BBED-04BA636AA6BC}.Debug|x64.Build.0 = Debug|x64
		{B6E7B08A-2C47-4E8D-BBED-04BA636AA6BC}.Release|ARM.ActiveCfg = Release|Win32
		{B6E7B08A-2C47-4E8D-BBED-04BA636AA6BC}.Release|Win32.ActiveCfg = Release|Win32
		{B6E7B08A-2C47-4E8D-BBED-04BA636AA6BC}.Release|Win32.Build.0 = Release|Win32
		{B6E7B08A-2C47-4E8D-BBED-04BA636AA6BC}.Release|x64.ActiveCfg = Release|x64
		{B6E7B08A-2C47-4E8D-BBED-04BA636AA6BC}.Release|x64.Build.0 = Release|x64
		{A0489EBF-E400-4BE7-8C66-0E5E6A936CF2}.Debug|ARM.ActiveCfg = Debug|Win32
		{A0489EBF-E400-4BE7-8C66-0E5E6A936CF2}.Debug|Win32.ActiveCfg = Debug|Win32
		{A0489EBF-E400-4BE7-8C66-0E5E6A936CF2}.Debug|Win32.Build.0 = Debug|Win32
		{A0489EBF-E400-4BE7-8C66-0E5E6A936CF2}.Debug|x64.ActiveCfg = Debug|x64
		{A0489EBF-E400-4BE7-8C66-0E5E6A936CF2}.Debug|x64.Build.0 = Debug|x64
		{A0489EBF-E400-4BE7-8C66-0E5E6A936CF2}.Release|ARM.ActiveCfg = Release|Win32
		{A0489EBF-E400-4BE7-8C66-0E5E6A936CF2}.Release|Win32.ActiveCfg = Release|Win32
		{A0489EBF-E400-4BE7-8C66-0E5E6A936CF2}.Release|Win32.Build.0 = Release|Win32
		{A0489EBF-E400-4BE7-8C66-0E5E6A936CF2}.Release|x64.ActiveCfg = Release|x64
		{A0489EBF-E400-4BE7-8C66-0E5E6A936CF2}.Release|x64.Build.0 = Release|x64
	EndGlobalSection
	GlobalSection(SolutionProperties) = preSolution
		HideSolutionNode = FALSE
	EndGlobalSection
EndGlobal
