<?xml version="1.0" encoding="utf-8"?>
<Project ToolsVersion="4.0" xmlns="http://schemas.microsoft.com/developer/msbuild/2003">
  <ItemGroup>
    <ClCompile Include="pch.cpp" />
    <ClCompile Include="GameNetworker.cpp">
      <Filter>Network</Filter>
    </ClCompile>
    <ClCompile Include="PacketProcessor.cpp">
      <Filter>Network</Filter>
    </ClCompile>
    <ClCompile Include="PacketProcessor_Handler.cpp">
      <Filter>Network</Filter>
    </ClCompile>
    <ClCompile Include="GameCommon.cpp" />
  </ItemGroup>
  <ItemGroup>
    <ClInclude Include="pch.h" />
    <ClInclude Include="targetver.h" />
    <ClInclude Include="GameNetworker.h">
      <Filter>Network</Filter>
    </ClInclude>
    <ClInclude Include="PacketBase.h">
      <Filter>Network</Filter>
    </ClInclude>
    <ClInclude Include="PacketProcessor.h">
      <Filter>Network</Filter>
    </ClInclude>
    <ClInclude Include="PacketProtocol.h">
      <Filter>Network</Filter>
    </ClInclude>
    <ClInclude Include="GameCommon.h" />
  </ItemGroup>
  <ItemGroup>
    <Filter Include="Network">
      <UniqueIdentifier>{a70fd088-c457-4494-b83e-436dc9d96875}</UniqueIdentifier>
    </Filter>
  </ItemGroup>
</Project>