<?xml version="1.0" encoding="utf-8"?>
<Project ToolsVersion="4.0" xmlns="http://schemas.microsoft.com/developer/msbuild/2003">
  <ItemGroup>
    <Filter Include="Src">
      <UniqueIdentifier>{4FC737F1-C7A5-4376-A066-2A32D752A2FF}</UniqueIdentifier>
      <Extensions>cpp;c;cc;cxx;def;odl;idl;hpj;bat;asm;asmx</Extensions>
    </Filter>
  </ItemGroup>
  <ItemGroup>
    <ClInclude Include="targetver.h" />
    <ClInclude Include="pch.h" />
    <ClInclude Include="Src\GameClient.h">
      <Filter>Src</Filter>
    </ClInclude>
    <ClInclude Include="Src\GameCommon.h">
      <Filter>Src</Filter>
    </ClInclude>
    <ClInclude Include="Src\GameNetworker.h">
      <Filter>Src</Filter>
    </ClInclude>
    <ClInclude Include="Src\GameObject.h">
      <Filter>Src</Filter>
    </ClInclude>
    <ClInclude Include="Src\GamePacketBase.h">
      <Filter>Src</Filter>
    </ClInclude>
    <ClInclude Include="Src\GamePacketProtocol.h">
      <Filter>Src</Filter>
    </ClInclude>
    <ClInclude Include="Src\GamePacketReader.h">
      <Filter>Src</Filter>
    </ClInclude>
    <ClInclude Include="Src\Level.h">
      <Filter>Src</Filter>
    </ClInclude>
    <ClInclude Include="Src\LocalPlayer.h">
      <Filter>Src</Filter>
    </ClInclude>
    <ClInclude Include="Src\NetUser.h">
      <Filter>Src</Filter>
    </ClInclude>
    <ClInclude Include="Src\NetUserManager.h">
      <Filter>Src</Filter>
    </ClInclude>
    <ClInclude Include="Src\Player.h">
      <Filter>Src</Filter>
    </ClInclude>
    <ClInclude Include="Src\StaticObject.h">
      <Filter>Src</Filter>
    </ClInclude>
    <ClInclude Include="Src\Trigger.h">
      <Filter>Src</Filter>
    </ClInclude>
    <ClInclude Include="Src\Actor.h">
      <Filter>Src</Filter>
    </ClInclude>
    <ClInclude Include="Src\BreakableObject.h">
      <Filter>Src</Filter>
    </ClInclude>
  </ItemGroup>
  <ItemGroup>
    <ClCompile Include="pch.cpp" />
    <ClCompile Include="Src\GameClient.cpp">
      <Filter>Src</Filter>
    </ClCompile>
    <ClCompile Include="Src\GameCommon.cpp">
      <Filter>Src</Filter>
    </ClCompile>
    <ClCompile Include="Src\GameNetworker.cpp">
      <Filter>Src</Filter>
    </ClCompile>
    <ClCompile Include="Src\GameObject.cpp">
      <Filter>Src</Filter>
    </ClCompile>
    <ClCompile Include="Src\GamePacketReader.cpp">
      <Filter>Src</Filter>
    </ClCompile>
    <ClCompile Include="Src\GamePacketReader_Processing.cpp">
      <Filter>Src</Filter>
    </ClCompile>
    <ClCompile Include="Src\Level.cpp">
      <Filter>Src</Filter>
    </ClCompile>
    <ClCompile Include="Src\LocalPlayer.cpp">
      <Filter>Src</Filter>
    </ClCompile>
    <ClCompile Include="Src\NetUser.cpp">
      <Filter>Src</Filter>
    </ClCompile>
    <ClCompile Include="Src\NetUserManager.cpp">
      <Filter>Src</Filter>
    </ClCompile>
    <ClCompile Include="Src\Player.cpp">
      <Filter>Src</Filter>
    </ClCompile>
    <ClCompile Include="Src\StaticObject.cpp">
      <Filter>Src</Filter>
    </ClCompile>
    <ClCompile Include="Src\Trigger.cpp">
      <Filter>Src</Filter>
    </ClCompile>
    <ClCompile Include="Src\Actor.cpp">
      <Filter>Src</Filter>
    </ClCompile>
    <ClCompile Include="Src\BreakableObject.cpp">
      <Filter>Src</Filter>
    </ClCompile>
  </ItemGroup>
</Project>