<?xml version="1.0" encoding="utf-8"?>
<Project ToolsVersion="4.0" xmlns="http://schemas.microsoft.com/developer/msbuild/2003">
  <ItemGroup>
    <ClCompile Include="PCH.cpp" />
    <ClCompile Include="Src\Listener.cpp">
      <Filter>Src</Filter>
    </ClCompile>
    <ClCompile Include="Src\Network.cpp">
      <Filter>Src</Filter>
    </ClCompile>
    <ClCompile Include="Src\CircleBuffer.cpp">
      <Filter>Src</Filter>
    </ClCompile>
    <ClCompile Include="Src\TcpSession.cpp">
      <Filter>Src</Filter>
    </ClCompile>
    <ClCompile Include="Src\TcpNetWorker.cpp">
      <Filter>Src</Filter>
    </ClCompile>
  </ItemGroup>
  <ItemGroup>
    <ClInclude Include="PCH.h" />
    <ClInclude Include="Src\Network.h">
      <Filter>Src</Filter>
    </ClInclude>
    <ClInclude Include="Src\Listener.h">
      <Filter>Src</Filter>
    </ClInclude>
    <ClInclude Include="targetver.h" />
    <ClInclude Include="Src\Defines.h">
      <Filter>Src</Filter>
    </ClInclude>
    <ClInclude Include="Src\CircleBuffer.h">
      <Filter>Src</Filter>
    </ClInclude>
    <ClInclude Include="Src\TcpSession.h">
      <Filter>Src</Filter>
    </ClInclude>
    <ClInclude Include="Src\TcpNetWorker.h">
      <Filter>Src</Filter>
    </ClInclude>
  </ItemGroup>
  <ItemGroup>
    <Filter Include="Src">
      <UniqueIdentifier>{a5c188dd-ab8c-407c-9103-69ad2b5b9a50}</UniqueIdentifier>
    </Filter>
  </ItemGroup>
</Project>